
Microsoft Visual Studio Solution File, Format Version 12.00
# Visual Studio 15
VisualStudioVersion = 15.0.28307.757
MinimumVisualStudioVersion = 10.0.40219.1
Project("{FAE04EC0-301F-11D3-BF4B-00C04F79EFBC}") = "ClassicAppLoad", "ClassicAppLoad\ClassicAppLoad.csproj", "{D29F2907-014B-41BB-8999-DFEC16047157}"
EndProject
Global
	GlobalSection(SolutionConfigurationPlatforms) = preSolution
		Debug|Any CPU = Debug|Any CPU
		Release|Any CPU = Release|Any CPU
	EndGlobalSection
	GlobalSection(ProjectConfigurationPlatforms) = postSolution
		{D29F2907-014B-41BB-8999-DFEC16047157}.Debug|Any CPU.ActiveCfg = Debug|Any CPU
		{D29F2907-014B-41BB-8999-DFEC16047157}.Debug|Any CPU.Build.0 = Debug|Any CPU
		{D29F2907-014B-41BB-8999-DFEC16047157}.Release|Any CPU.ActiveCfg = Release|Any CPU
		{D29F2907-014B-41BB-8999-DFEC16047157}.Release|Any CPU.Build.0 = Release|Any CPU
	EndGlobalSection
	GlobalSection(SolutionProperties) = preSolution
		HideSolutionNode = FALSE
	EndGlobalSection
	GlobalSection(ExtensibilityGlobals) = postSolution
		SolutionGuid = {408B8DF5-DB4E-493B-81A1-A0F3A3B85535}
	EndGlobalSection
EndGlobal
